// !$*UTF8*$!
{
	archiveVersion = 1;
	classes = {
	};
	objectVersion = 51;
	objects = {

/* Begin PBXBuildFile section */
		24348BA625091BAD0055F93B /* ApiRouter.swift in Sources */ = {isa = PBXBuildFile; fileRef = 24348BA525091BAC0055F93B /* ApiRouter.swift */; };
		24348BA8250A50C70055F93B /* Constants.swift in Sources */ = {isa = PBXBuildFile; fileRef = 24348BA7250A50C70055F93B /* Constants.swift */; };
		2468EBE1251779C5004B83FC /* MovieViewModel.swift in Sources */ = {isa = PBXBuildFile; fileRef = 2468EBE0251779C5004B83FC /* MovieViewModel.swift */; };
		2468EBE925177A45004B83FC /* ApiConfiguration.swift in Sources */ = {isa = PBXBuildFile; fileRef = 2468EBE825177A45004B83FC /* ApiConfiguration.swift */; };
		24BADD6C24FE5F5100635CDA /* AppDelegate.swift in Sources */ = {isa = PBXBuildFile; fileRef = 24BADD6B24FE5F5100635CDA /* AppDelegate.swift */; };
		24BADD6E24FE5F5100635CDA /* SceneDelegate.swift in Sources */ = {isa = PBXBuildFile; fileRef = 24BADD6D24FE5F5100635CDA /* SceneDelegate.swift */; };
		24BADD7024FE5F5100635CDA /* ViewController.swift in Sources */ = {isa = PBXBuildFile; fileRef = 24BADD6F24FE5F5100635CDA /* ViewController.swift */; };
		24BADD7324FE5F5200635CDA /* Main.storyboard in Resources */ = {isa = PBXBuildFile; fileRef = 24BADD7124FE5F5200635CDA /* Main.storyboard */; };
		24BADD7524FE5F5E00635CDA /* Assets.xcassets in Resources */ = {isa = PBXBuildFile; fileRef = 24BADD7424FE5F5E00635CDA /* Assets.xcassets */; };
		24BADD7824FE5F5E00635CDA /* LaunchScreen.storyboard in Resources */ = {isa = PBXBuildFile; fileRef = 24BADD7624FE5F5E00635CDA /* LaunchScreen.storyboard */; };
		24BADD8324FE5F5E00635CDA /* movie_appTests.swift in Sources */ = {isa = PBXBuildFile; fileRef = 24BADD8224FE5F5E00635CDA /* movie_appTests.swift */; };
		24BADD8E24FE5F5E00635CDA /* movie_appUITests.swift in Sources */ = {isa = PBXBuildFile; fileRef = 24BADD8D24FE5F5E00635CDA /* movie_appUITests.swift */; };
		24BADDA624FE934D00635CDA /* MoviesViewController.swift in Sources */ = {isa = PBXBuildFile; fileRef = 24BADDA524FE934D00635CDA /* MoviesViewController.swift */; };
		24BADDA824FE936100635CDA /* SearchViewController.swift in Sources */ = {isa = PBXBuildFile; fileRef = 24BADDA724FE936100635CDA /* SearchViewController.swift */; };
		24BADDAA24FE936D00635CDA /* SeriesViewController.swift in Sources */ = {isa = PBXBuildFile; fileRef = 24BADDA924FE936D00635CDA /* SeriesViewController.swift */; };
		24BADDAC24FE938000635CDA /* ProfileViewController.swift in Sources */ = {isa = PBXBuildFile; fileRef = 24BADDAB24FE938000635CDA /* ProfileViewController.swift */; };
		24BADDAE24FE988500635CDA /* ProfileStoryboard.storyboard in Resources */ = {isa = PBXBuildFile; fileRef = 24BADDAD24FE988500635CDA /* ProfileStoryboard.storyboard */; };
		24BADDB024FE992300635CDA /* SeriesStoryboard.storyboard in Resources */ = {isa = PBXBuildFile; fileRef = 24BADDAF24FE992300635CDA /* SeriesStoryboard.storyboard */; };
		24BADDB224FE994000635CDA /* SearchStoryboard.storyboard in Resources */ = {isa = PBXBuildFile; fileRef = 24BADDB124FE994000635CDA /* SearchStoryboard.storyboard */; };
		24BADDB424FE996600635CDA /* MoviesStoryboard.storyboard in Resources */ = {isa = PBXBuildFile; fileRef = 24BADDB324FE996600635CDA /* MoviesStoryboard.storyboard */; };
		24EA709D252A067800FAA8D7 /* ApiService.swift in Sources */ = {isa = PBXBuildFile; fileRef = 24EA709C252A067700FAA8D7 /* ApiService.swift */; };
		24EAA0892506634E00B756C7 /* EndPoints.swift in Sources */ = {isa = PBXBuildFile; fileRef = 24EAA0882506634E00B756C7 /* EndPoints.swift */; };
		24EAA08B2506653500B756C7 /* Movie.swift in Sources */ = {isa = PBXBuildFile; fileRef = 24EAA08A2506653500B756C7 /* Movie.swift */; };
		24EAA08F25066CAA00B756C7 /* MovieSectionTableViewCell.swift in Sources */ = {isa = PBXBuildFile; fileRef = 24EAA08D25066CAA00B756C7 /* MovieSectionTableViewCell.swift */; };
		24EAA09025066CAA00B756C7 /* MovieSectionTableViewCell.xib in Resources */ = {isa = PBXBuildFile; fileRef = 24EAA08E25066CAA00B756C7 /* MovieSectionTableViewCell.xib */; };
		24EAA0972507AB8C00B756C7 /* ItemMovieCollectionViewCell.swift in Sources */ = {isa = PBXBuildFile; fileRef = 24EAA0952507AB8C00B756C7 /* ItemMovieCollectionViewCell.swift */; };
		24EAA0982507AB8C00B756C7 /* ItemMovieCollectionViewCell.xib in Resources */ = {isa = PBXBuildFile; fileRef = 24EAA0962507AB8C00B756C7 /* ItemMovieCollectionViewCell.xib */; };
		8E9BE43B408B9ED60CB0B4B4 /* Pods_movie_app.framework in Frameworks */ = {isa = PBXBuildFile; fileRef = EBE93D30C11CFFD18B791C31 /* Pods_movie_app.framework */; };
		C7195685A8A6B10B5A85D3F1 /* Pods_movie_app_movie_appUITests.framework in Frameworks */ = {isa = PBXBuildFile; fileRef = EF0F21C8CCA562BE6610A00D /* Pods_movie_app_movie_appUITests.framework */; };
		EC3D401A8044796E66256032 /* Pods_movie_appTests.framework in Frameworks */ = {isa = PBXBuildFile; fileRef = C28544F1F9545E7D09543AC4 /* Pods_movie_appTests.framework */; };
/* End PBXBuildFile section */

/* Begin PBXContainerItemProxy section */
		24BADD7F24FE5F5E00635CDA /* PBXContainerItemProxy */ = {
			isa = PBXContainerItemProxy;
			containerPortal = 24BADD6024FE5F5100635CDA /* Project object */;
			proxyType = 1;
			remoteGlobalIDString = 24BADD6724FE5F5100635CDA;
			remoteInfo = "movie-app";
		};
		24BADD8A24FE5F5E00635CDA /* PBXContainerItemProxy */ = {
			isa = PBXContainerItemProxy;
			containerPortal = 24BADD6024FE5F5100635CDA /* Project object */;
			proxyType = 1;
			remoteGlobalIDString = 24BADD6724FE5F5100635CDA;
			remoteInfo = "movie-app";
		};
/* End PBXContainerItemProxy section */

/* Begin PBXFileReference section */
		206CAEA5411D36FE5E9B1571 /* Pods-movie-app-movie-appUITests.debug.xcconfig */ = {isa = PBXFileReference; includeInIndex = 1; lastKnownFileType = text.xcconfig; name = "Pods-movie-app-movie-appUITests.debug.xcconfig"; path = "Target Support Files/Pods-movie-app-movie-appUITests/Pods-movie-app-movie-appUITests.debug.xcconfig"; sourceTree = "<group>"; };
		24348BA525091BAC0055F93B /* ApiRouter.swift */ = {isa = PBXFileReference; lastKnownFileType = sourcecode.swift; path = ApiRouter.swift; sourceTree = "<group>"; };
		24348BA7250A50C70055F93B /* Constants.swift */ = {isa = PBXFileReference; lastKnownFileType = sourcecode.swift; path = Constants.swift; sourceTree = "<group>"; };
		2468EBE0251779C5004B83FC /* MovieViewModel.swift */ = {isa = PBXFileReference; lastKnownFileType = sourcecode.swift; path = MovieViewModel.swift; sourceTree = "<group>"; };
		2468EBE825177A45004B83FC /* ApiConfiguration.swift */ = {isa = PBXFileReference; lastKnownFileType = sourcecode.swift; path = ApiConfiguration.swift; sourceTree = "<group>"; };
		24BADD6824FE5F5100635CDA /* Movies.app */ = {isa = PBXFileReference; explicitFileType = wrapper.application; includeInIndex = 0; path = Movies.app; sourceTree = BUILT_PRODUCTS_DIR; };
		24BADD6B24FE5F5100635CDA /* AppDelegate.swift */ = {isa = PBXFileReference; lastKnownFileType = sourcecode.swift; path = AppDelegate.swift; sourceTree = "<group>"; };
		24BADD6D24FE5F5100635CDA /* SceneDelegate.swift */ = {isa = PBXFileReference; lastKnownFileType = sourcecode.swift; path = SceneDelegate.swift; sourceTree = "<group>"; };
		24BADD6F24FE5F5100635CDA /* ViewController.swift */ = {isa = PBXFileReference; lastKnownFileType = sourcecode.swift; path = ViewController.swift; sourceTree = "<group>"; };
		24BADD7224FE5F5200635CDA /* Base */ = {isa = PBXFileReference; lastKnownFileType = file.storyboard; name = Base; path = Base.lproj/Main.storyboard; sourceTree = "<group>"; };
		24BADD7424FE5F5E00635CDA /* Assets.xcassets */ = {isa = PBXFileReference; lastKnownFileType = folder.assetcatalog; path = Assets.xcassets; sourceTree = "<group>"; };
		24BADD7724FE5F5E00635CDA /* Base */ = {isa = PBXFileReference; lastKnownFileType = file.storyboard; name = Base; path = Base.lproj/LaunchScreen.storyboard; sourceTree = "<group>"; };
		24BADD7924FE5F5E00635CDA /* Info.plist */ = {isa = PBXFileReference; lastKnownFileType = text.plist.xml; path = Info.plist; sourceTree = "<group>"; };
		24BADD7E24FE5F5E00635CDA /* movie-appTests.xctest */ = {isa = PBXFileReference; explicitFileType = wrapper.cfbundle; includeInIndex = 0; path = "movie-appTests.xctest"; sourceTree = BUILT_PRODUCTS_DIR; };
		24BADD8224FE5F5E00635CDA /* movie_appTests.swift */ = {isa = PBXFileReference; lastKnownFileType = sourcecode.swift; path = movie_appTests.swift; sourceTree = "<group>"; };
		24BADD8424FE5F5E00635CDA /* Info.plist */ = {isa = PBXFileReference; lastKnownFileType = text.plist.xml; path = Info.plist; sourceTree = "<group>"; };
		24BADD8924FE5F5E00635CDA /* movie-appUITests.xctest */ = {isa = PBXFileReference; explicitFileType = wrapper.cfbundle; includeInIndex = 0; path = "movie-appUITests.xctest"; sourceTree = BUILT_PRODUCTS_DIR; };
		24BADD8D24FE5F5E00635CDA /* movie_appUITests.swift */ = {isa = PBXFileReference; lastKnownFileType = sourcecode.swift; path = movie_appUITests.swift; sourceTree = "<group>"; };
		24BADD8F24FE5F5E00635CDA /* Info.plist */ = {isa = PBXFileReference; lastKnownFileType = text.plist.xml; path = Info.plist; sourceTree = "<group>"; };
		24BADDA524FE934D00635CDA /* MoviesViewController.swift */ = {isa = PBXFileReference; lastKnownFileType = sourcecode.swift; path = MoviesViewController.swift; sourceTree = "<group>"; };
		24BADDA724FE936100635CDA /* SearchViewController.swift */ = {isa = PBXFileReference; lastKnownFileType = sourcecode.swift; path = SearchViewController.swift; sourceTree = "<group>"; };
		24BADDA924FE936D00635CDA /* SeriesViewController.swift */ = {isa = PBXFileReference; lastKnownFileType = sourcecode.swift; path = SeriesViewController.swift; sourceTree = "<group>"; };
		24BADDAB24FE938000635CDA /* ProfileViewController.swift */ = {isa = PBXFileReference; lastKnownFileType = sourcecode.swift; path = ProfileViewController.swift; sourceTree = "<group>"; };
		24BADDAD24FE988500635CDA /* ProfileStoryboard.storyboard */ = {isa = PBXFileReference; lastKnownFileType = file.storyboard; path = ProfileStoryboard.storyboard; sourceTree = "<group>"; };
		24BADDAF24FE992300635CDA /* SeriesStoryboard.storyboard */ = {isa = PBXFileReference; lastKnownFileType = file.storyboard; path = SeriesStoryboard.storyboard; sourceTree = "<group>"; };
		24BADDB124FE994000635CDA /* SearchStoryboard.storyboard */ = {isa = PBXFileReference; lastKnownFileType = file.storyboard; path = SearchStoryboard.storyboard; sourceTree = "<group>"; };
		24BADDB324FE996600635CDA /* MoviesStoryboard.storyboard */ = {isa = PBXFileReference; lastKnownFileType = file.storyboard; path = MoviesStoryboard.storyboard; sourceTree = "<group>"; };
		24EA709C252A067700FAA8D7 /* ApiService.swift */ = {isa = PBXFileReference; lastKnownFileType = sourcecode.swift; path = ApiService.swift; sourceTree = "<group>"; };
		24EAA0882506634E00B756C7 /* EndPoints.swift */ = {isa = PBXFileReference; lastKnownFileType = sourcecode.swift; path = EndPoints.swift; sourceTree = "<group>"; };
		24EAA08A2506653500B756C7 /* Movie.swift */ = {isa = PBXFileReference; lastKnownFileType = sourcecode.swift; path = Movie.swift; sourceTree = "<group>"; };
		24EAA08D25066CAA00B756C7 /* MovieSectionTableViewCell.swift */ = {isa = PBXFileReference; lastKnownFileType = sourcecode.swift; path = MovieSectionTableViewCell.swift; sourceTree = "<group>"; };
		24EAA08E25066CAA00B756C7 /* MovieSectionTableViewCell.xib */ = {isa = PBXFileReference; lastKnownFileType = file.xib; path = MovieSectionTableViewCell.xib; sourceTree = "<group>"; };
		24EAA0952507AB8C00B756C7 /* ItemMovieCollectionViewCell.swift */ = {isa = PBXFileReference; lastKnownFileType = sourcecode.swift; path = ItemMovieCollectionViewCell.swift; sourceTree = "<group>"; };
		24EAA0962507AB8C00B756C7 /* ItemMovieCollectionViewCell.xib */ = {isa = PBXFileReference; lastKnownFileType = file.xib; path = ItemMovieCollectionViewCell.xib; sourceTree = "<group>"; };
		69A8E7856790D68AE8EF5A70 /* Pods-movie-app.release.xcconfig */ = {isa = PBXFileReference; includeInIndex = 1; lastKnownFileType = text.xcconfig; name = "Pods-movie-app.release.xcconfig"; path = "Target Support Files/Pods-movie-app/Pods-movie-app.release.xcconfig"; sourceTree = "<group>"; };
		69A930394D686CBF07C1A012 /* Pods-movie-app-movie-appUITests.release.xcconfig */ = {isa = PBXFileReference; includeInIndex = 1; lastKnownFileType = text.xcconfig; name = "Pods-movie-app-movie-appUITests.release.xcconfig"; path = "Target Support Files/Pods-movie-app-movie-appUITests/Pods-movie-app-movie-appUITests.release.xcconfig"; sourceTree = "<group>"; };
		A5ABA4C95CB1C78ED0E17871 /* Pods-movie-appTests.release.xcconfig */ = {isa = PBXFileReference; includeInIndex = 1; lastKnownFileType = text.xcconfig; name = "Pods-movie-appTests.release.xcconfig"; path = "Target Support Files/Pods-movie-appTests/Pods-movie-appTests.release.xcconfig"; sourceTree = "<group>"; };
		ABEFD8BF1B0895CD52F3E54D /* Pods-movie-app.debug.xcconfig */ = {isa = PBXFileReference; includeInIndex = 1; lastKnownFileType = text.xcconfig; name = "Pods-movie-app.debug.xcconfig"; path = "Target Support Files/Pods-movie-app/Pods-movie-app.debug.xcconfig"; sourceTree = "<group>"; };
		C28544F1F9545E7D09543AC4 /* Pods_movie_appTests.framework */ = {isa = PBXFileReference; explicitFileType = wrapper.framework; includeInIndex = 0; path = Pods_movie_appTests.framework; sourceTree = BUILT_PRODUCTS_DIR; };
		EA9B56C151D1B60CBEB534DB /* Pods-movie-appTests.debug.xcconfig */ = {isa = PBXFileReference; includeInIndex = 1; lastKnownFileType = text.xcconfig; name = "Pods-movie-appTests.debug.xcconfig"; path = "Target Support Files/Pods-movie-appTests/Pods-movie-appTests.debug.xcconfig"; sourceTree = "<group>"; };
		EBE93D30C11CFFD18B791C31 /* Pods_movie_app.framework */ = {isa = PBXFileReference; explicitFileType = wrapper.framework; includeInIndex = 0; path = Pods_movie_app.framework; sourceTree = BUILT_PRODUCTS_DIR; };
		EF0F21C8CCA562BE6610A00D /* Pods_movie_app_movie_appUITests.framework */ = {isa = PBXFileReference; explicitFileType = wrapper.framework; includeInIndex = 0; path = Pods_movie_app_movie_appUITests.framework; sourceTree = BUILT_PRODUCTS_DIR; };
/* End PBXFileReference section */

/* Begin PBXFrameworksBuildPhase section */
		24BADD6524FE5F5100635CDA /* Frameworks */ = {
			isa = PBXFrameworksBuildPhase;
			buildActionMask = 2147483647;
			files = (
				8E9BE43B408B9ED60CB0B4B4 /* Pods_movie_app.framework in Frameworks */,
			);
			runOnlyForDeploymentPostprocessing = 0;
		};
		24BADD7B24FE5F5E00635CDA /* Frameworks */ = {
			isa = PBXFrameworksBuildPhase;
			buildActionMask = 2147483647;
			files = (
				EC3D401A8044796E66256032 /* Pods_movie_appTests.framework in Frameworks */,
			);
			runOnlyForDeploymentPostprocessing = 0;
		};
		24BADD8624FE5F5E00635CDA /* Frameworks */ = {
			isa = PBXFrameworksBuildPhase;
			buildActionMask = 2147483647;
			files = (
				C7195685A8A6B10B5A85D3F1 /* Pods_movie_app_movie_appUITests.framework in Frameworks */,
			);
			runOnlyForDeploymentPostprocessing = 0;
		};
/* End PBXFrameworksBuildPhase section */

/* Begin PBXGroup section */
		2468EBDF25177757004B83FC /* View Model */ = {
			isa = PBXGroup;
			children = (
				2468EBE0251779C5004B83FC /* MovieViewModel.swift */,
			);
			path = "View Model";
			sourceTree = "<group>";
		};
		247DA2C22501328D0079C801 /* Resources */ = {
			isa = PBXGroup;
			children = (
				24BADD7424FE5F5E00635CDA /* Assets.xcassets */,
			);
			path = Resources;
			sourceTree = "<group>";
		};
		24BADD5F24FE5F5100635CDA = {
			isa = PBXGroup;
			children = (
				DFBAC92997B65214B236DA49 /* Frameworks */,
				24BADD6A24FE5F5100635CDA /* movie-app */,
				24BADD8124FE5F5E00635CDA /* movie-appTests */,
				24BADD8C24FE5F5E00635CDA /* movie-appUITests */,
				5FE8930D3FD668D0F97455A3 /* Pods */,
				24BADD6924FE5F5100635CDA /* Products */,
			);
			sourceTree = "<group>";
		};
		24BADD6924FE5F5100635CDA /* Products */ = {
			isa = PBXGroup;
			children = (
				24BADD6824FE5F5100635CDA /* Movies.app */,
				24BADD7E24FE5F5E00635CDA /* movie-appTests.xctest */,
				24BADD8924FE5F5E00635CDA /* movie-appUITests.xctest */,
			);
			name = Products;
			sourceTree = "<group>";
		};
		24BADD6A24FE5F5100635CDA /* movie-app */ = {
			isa = PBXGroup;
			children = (
				2468EBDF25177757004B83FC /* View Model */,
				24BADD7924FE5F5E00635CDA /* Info.plist */,
				24BADDA324FE879C00635CDA /* Models */,
				24BADD9B24FE78A200635CDA /* Modules */,
				24EAA0992507BD2300B756C7 /* Network */,
				247DA2C22501328D0079C801 /* Resources */,
				24BADD9C24FE78F100635CDA /* Supporting Files */,
			);
			path = "movie-app";
			sourceTree = "<group>";
		};
		24BADD8124FE5F5E00635CDA /* movie-appTests */ = {
			isa = PBXGroup;
			children = (
				24BADD8224FE5F5E00635CDA /* movie_appTests.swift */,
				24BADD8424FE5F5E00635CDA /* Info.plist */,
			);
			path = "movie-appTests";
			sourceTree = "<group>";
		};
		24BADD8C24FE5F5E00635CDA /* movie-appUITests */ = {
			isa = PBXGroup;
			children = (
				24BADD8D24FE5F5E00635CDA /* movie_appUITests.swift */,
				24BADD8F24FE5F5E00635CDA /* Info.plist */,
			);
			path = "movie-appUITests";
			sourceTree = "<group>";
		};
		24BADD9B24FE78A200635CDA /* Modules */ = {
			isa = PBXGroup;
			children = (
				24BADDA024FE792E00635CDA /* Details */,
				24BADD9D24FE790700635CDA /* Login */,
				24BADDA424FE895D00635CDA /* Main */,
				24BADD9E24FE791100635CDA /* Movies */,
				24BADDA224FE868D00635CDA /* Profile */,
				24BADD9F24FE792300635CDA /* Search */,
				24BADDA124FE867800635CDA /* Series */,
			);
			path = Modules;
			sourceTree = "<group>";
		};
		24BADD9C24FE78F100635CDA /* Supporting Files */ = {
			isa = PBXGroup;
			children = (
				24BADD6B24FE5F5100635CDA /* AppDelegate.swift */,
				24BADD6D24FE5F5100635CDA /* SceneDelegate.swift */,
				24BADD7624FE5F5E00635CDA /* LaunchScreen.storyboard */,
				24EAA0882506634E00B756C7 /* EndPoints.swift */,
			);
			path = "Supporting Files";
			sourceTree = "<group>";
		};
		24BADD9D24FE790700635CDA /* Login */ = {
			isa = PBXGroup;
			children = (
			);
			path = Login;
			sourceTree = "<group>";
		};
		24BADD9E24FE791100635CDA /* Movies */ = {
			isa = PBXGroup;
			children = (
				24EAA08C25066BE100B756C7 /* cells */,
				24BADDA524FE934D00635CDA /* MoviesViewController.swift */,
				24BADDB324FE996600635CDA /* MoviesStoryboard.storyboard */,
			);
			path = Movies;
			sourceTree = "<group>";
		};
		24BADD9F24FE792300635CDA /* Search */ = {
			isa = PBXGroup;
			children = (
				24BADDA724FE936100635CDA /* SearchViewController.swift */,
				24BADDB124FE994000635CDA /* SearchStoryboard.storyboard */,
			);
			path = Search;
			sourceTree = "<group>";
		};
		24BADDA024FE792E00635CDA /* Details */ = {
			isa = PBXGroup;
			children = (
			);
			path = Details;
			sourceTree = "<group>";
		};
		24BADDA124FE867800635CDA /* Series */ = {
			isa = PBXGroup;
			children = (
				24BADDA924FE936D00635CDA /* SeriesViewController.swift */,
				24BADDAF24FE992300635CDA /* SeriesStoryboard.storyboard */,
			);
			path = Series;
			sourceTree = "<group>";
		};
		24BADDA224FE868D00635CDA /* Profile */ = {
			isa = PBXGroup;
			children = (
				24BADDAB24FE938000635CDA /* ProfileViewController.swift */,
				24BADDAD24FE988500635CDA /* ProfileStoryboard.storyboard */,
			);
			path = Profile;
			sourceTree = "<group>";
		};
		24BADDA324FE879C00635CDA /* Models */ = {
			isa = PBXGroup;
			children = (
				24EAA08A2506653500B756C7 /* Movie.swift */,
			);
			path = Models;
			sourceTree = "<group>";
		};
		24BADDA424FE895D00635CDA /* Main */ = {
			isa = PBXGroup;
			children = (
				24BADD7124FE5F5200635CDA /* Main.storyboard */,
				24BADD6F24FE5F5100635CDA /* ViewController.swift */,
			);
			path = Main;
			sourceTree = "<group>";
		};
		24EAA08C25066BE100B756C7 /* cells */ = {
			isa = PBXGroup;
			children = (
				24EAA08D25066CAA00B756C7 /* MovieSectionTableViewCell.swift */,
				24EAA08E25066CAA00B756C7 /* MovieSectionTableViewCell.xib */,
				24EAA0952507AB8C00B756C7 /* ItemMovieCollectionViewCell.swift */,
				24EAA0962507AB8C00B756C7 /* ItemMovieCollectionViewCell.xib */,
			);
			path = cells;
			sourceTree = "<group>";
		};
		24EAA0992507BD2300B756C7 /* Network */ = {
			isa = PBXGroup;
			children = (
				24348BA525091BAC0055F93B /* ApiRouter.swift */,
				2468EBE825177A45004B83FC /* ApiConfiguration.swift */,
				24348BA7250A50C70055F93B /* Constants.swift */,
				24EA709C252A067700FAA8D7 /* ApiService.swift */,
			);
			path = Network;
			sourceTree = "<group>";
		};
		5FE8930D3FD668D0F97455A3 /* Pods */ = {
			isa = PBXGroup;
			children = (
				ABEFD8BF1B0895CD52F3E54D /* Pods-movie-app.debug.xcconfig */,
				69A8E7856790D68AE8EF5A70 /* Pods-movie-app.release.xcconfig */,
				206CAEA5411D36FE5E9B1571 /* Pods-movie-app-movie-appUITests.debug.xcconfig */,
				69A930394D686CBF07C1A012 /* Pods-movie-app-movie-appUITests.release.xcconfig */,
				EA9B56C151D1B60CBEB534DB /* Pods-movie-appTests.debug.xcconfig */,
				A5ABA4C95CB1C78ED0E17871 /* Pods-movie-appTests.release.xcconfig */,
			);
			path = Pods;
			sourceTree = "<group>";
		};
		DFBAC92997B65214B236DA49 /* Frameworks */ = {
			isa = PBXGroup;
			children = (
				EBE93D30C11CFFD18B791C31 /* Pods_movie_app.framework */,
				EF0F21C8CCA562BE6610A00D /* Pods_movie_app_movie_appUITests.framework */,
				C28544F1F9545E7D09543AC4 /* Pods_movie_appTests.framework */,
			);
			name = Frameworks;
			sourceTree = "<group>";
		};
/* End PBXGroup section */

/* Begin PBXNativeTarget section */
		24BADD6724FE5F5100635CDA /* movie-app */ = {
			isa = PBXNativeTarget;
			buildConfigurationList = 24BADD9224FE5F5E00635CDA /* Build configuration list for PBXNativeTarget "movie-app" */;
			buildPhases = (
				A043C1D85326BCC00DB1D544 /* [CP] Check Pods Manifest.lock */,
				24BADD6424FE5F5100635CDA /* Sources */,
				24BADD6524FE5F5100635CDA /* Frameworks */,
				24BADD6624FE5F5100635CDA /* Resources */,
				592732070FC796677FD15D02 /* [CP] Embed Pods Frameworks */,
			);
			buildRules = (
			);
			dependencies = (
			);
			name = "movie-app";
			productName = "movie-app";
			productReference = 24BADD6824FE5F5100635CDA /* Movies.app */;
			productType = "com.apple.product-type.application";
		};
		24BADD7D24FE5F5E00635CDA /* movie-appTests */ = {
			isa = PBXNativeTarget;
			buildConfigurationList = 24BADD9524FE5F5E00635CDA /* Build configuration list for PBXNativeTarget "movie-appTests" */;
			buildPhases = (
				0E18299CB8D7D306FB692BE1 /* [CP] Check Pods Manifest.lock */,
				24BADD7A24FE5F5E00635CDA /* Sources */,
				24BADD7B24FE5F5E00635CDA /* Frameworks */,
				24BADD7C24FE5F5E00635CDA /* Resources */,
			);
			buildRules = (
			);
			dependencies = (
				24BADD8024FE5F5E00635CDA /* PBXTargetDependency */,
			);
			name = "movie-appTests";
			productName = "movie-appTests";
			productReference = 24BADD7E24FE5F5E00635CDA /* movie-appTests.xctest */;
			productType = "com.apple.product-type.bundle.unit-test";
		};
		24BADD8824FE5F5E00635CDA /* movie-appUITests */ = {
			isa = PBXNativeTarget;
			buildConfigurationList = 24BADD9824FE5F5E00635CDA /* Build configuration list for PBXNativeTarget "movie-appUITests" */;
			buildPhases = (
				5261AD23242FC23D314E0C0E /* [CP] Check Pods Manifest.lock */,
				24BADD8524FE5F5E00635CDA /* Sources */,
				24BADD8624FE5F5E00635CDA /* Frameworks */,
				24BADD8724FE5F5E00635CDA /* Resources */,
				2AB3BDE0D1BEC0607073D439 /* [CP] Embed Pods Frameworks */,
			);
			buildRules = (
			);
			dependencies = (
				24BADD8B24FE5F5E00635CDA /* PBXTargetDependency */,
			);
			name = "movie-appUITests";
			productName = "movie-appUITests";
			productReference = 24BADD8924FE5F5E00635CDA /* movie-appUITests.xctest */;
			productType = "com.apple.product-type.bundle.ui-testing";
		};
/* End PBXNativeTarget section */

/* Begin PBXProject section */
		24BADD6024FE5F5100635CDA /* Project object */ = {
			isa = PBXProject;
			attributes = {
				LastSwiftUpdateCheck = 1160;
				LastUpgradeCheck = 1160;
				ORGANIZATIONNAME = "Ivan Mosquera";
				TargetAttributes = {
					24BADD6724FE5F5100635CDA = {
						CreatedOnToolsVersion = 11.6;
					};
					24BADD7D24FE5F5E00635CDA = {
						CreatedOnToolsVersion = 11.6;
						TestTargetID = 24BADD6724FE5F5100635CDA;
					};
					24BADD8824FE5F5E00635CDA = {
						CreatedOnToolsVersion = 11.6;
						TestTargetID = 24BADD6724FE5F5100635CDA;
					};
				};
			};
			buildConfigurationList = 24BADD6324FE5F5100635CDA /* Build configuration list for PBXProject "movie-app" */;
			compatibilityVersion = "Xcode 9.3";
			developmentRegion = en;
			hasScannedForEncodings = 0;
			knownRegions = (
				en,
				Base,
			);
			mainGroup = 24BADD5F24FE5F5100635CDA;
			productRefGroup = 24BADD6924FE5F5100635CDA /* Products */;
			projectDirPath = "";
			projectRoot = "";
			targets = (
				24BADD6724FE5F5100635CDA /* movie-app */,
				24BADD7D24FE5F5E00635CDA /* movie-appTests */,
				24BADD8824FE5F5E00635CDA /* movie-appUITests */,
			);
		};
/* End PBXProject section */

/* Begin PBXResourcesBuildPhase section */
		24BADD6624FE5F5100635CDA /* Resources */ = {
			isa = PBXResourcesBuildPhase;
			buildActionMask = 2147483647;
			files = (
				24BADDB424FE996600635CDA /* MoviesStoryboard.storyboard in Resources */,
				24EAA0982507AB8C00B756C7 /* ItemMovieCollectionViewCell.xib in Resources */,
				24BADDB024FE992300635CDA /* SeriesStoryboard.storyboard in Resources */,
				24BADD7824FE5F5E00635CDA /* LaunchScreen.storyboard in Resources */,
				24BADDAE24FE988500635CDA /* ProfileStoryboard.storyboard in Resources */,
				24BADD7524FE5F5E00635CDA /* Assets.xcassets in Resources */,
				24BADD7324FE5F5200635CDA /* Main.storyboard in Resources */,
				24EAA09025066CAA00B756C7 /* MovieSectionTableViewCell.xib in Resources */,
				24BADDB224FE994000635CDA /* SearchStoryboard.storyboard in Resources */,
			);
			runOnlyForDeploymentPostprocessing = 0;
		};
		24BADD7C24FE5F5E00635CDA /* Resources */ = {
			isa = PBXResourcesBuildPhase;
			buildActionMask = 2147483647;
			files = (
			);
			runOnlyForDeploymentPostprocessing = 0;
		};
		24BADD8724FE5F5E00635CDA /* Resources */ = {
			isa = PBXResourcesBuildPhase;
			buildActionMask = 2147483647;
			files = (
			);
			runOnlyForDeploymentPostprocessing = 0;
		};
/* End PBXResourcesBuildPhase section */

/* Begin PBXShellScriptBuildPhase section */
		0E18299CB8D7D306FB692BE1 /* [CP] Check Pods Manifest.lock */ = {
			isa = PBXShellScriptBuildPhase;
			buildActionMask = 2147483647;
			files = (
			);
			inputFileListPaths = (
			);
			inputPaths = (
				"${PODS_PODFILE_DIR_PATH}/Podfile.lock",
				"${PODS_ROOT}/Manifest.lock",
			);
			name = "[CP] Check Pods Manifest.lock";
			outputFileListPaths = (
			);
			outputPaths = (
				"$(DERIVED_FILE_DIR)/Pods-movie-appTests-checkManifestLockResult.txt",
			);
			runOnlyForDeploymentPostprocessing = 0;
			shellPath = /bin/sh;
			shellScript = "diff \"${PODS_PODFILE_DIR_PATH}/Podfile.lock\" \"${PODS_ROOT}/Manifest.lock\" > /dev/null\nif [ $? != 0 ] ; then\n    # print error to STDERR\n    echo \"error: The sandbox is not in sync with the Podfile.lock. Run 'pod install' or update your CocoaPods installation.\" >&2\n    exit 1\nfi\n# This output is used by Xcode 'outputs' to avoid re-running this script phase.\necho \"SUCCESS\" > \"${SCRIPT_OUTPUT_FILE_0}\"\n";
			showEnvVarsInLog = 0;
		};
		2AB3BDE0D1BEC0607073D439 /* [CP] Embed Pods Frameworks */ = {
			isa = PBXShellScriptBuildPhase;
			buildActionMask = 2147483647;
			files = (
			);
			inputFileListPaths = (
				"${PODS_ROOT}/Target Support Files/Pods-movie-app-movie-appUITests/Pods-movie-app-movie-appUITests-frameworks-${CONFIGURATION}-input-files.xcfilelist",
			);
			name = "[CP] Embed Pods Frameworks";
			outputFileListPaths = (
				"${PODS_ROOT}/Target Support Files/Pods-movie-app-movie-appUITests/Pods-movie-app-movie-appUITests-frameworks-${CONFIGURATION}-output-files.xcfilelist",
			);
			runOnlyForDeploymentPostprocessing = 0;
			shellPath = /bin/sh;
			shellScript = "\"${PODS_ROOT}/Target Support Files/Pods-movie-app-movie-appUITests/Pods-movie-app-movie-appUITests-frameworks.sh\"\n";
			showEnvVarsInLog = 0;
		};
		5261AD23242FC23D314E0C0E /* [CP] Check Pods Manifest.lock */ = {
			isa = PBXShellScriptBuildPhase;
			buildActionMask = 2147483647;
			files = (
			);
			inputFileListPaths = (
			);
			inputPaths = (
				"${PODS_PODFILE_DIR_PATH}/Podfile.lock",
				"${PODS_ROOT}/Manifest.lock",
			);
			name = "[CP] Check Pods Manifest.lock";
			outputFileListPaths = (
			);
			outputPaths = (
				"$(DERIVED_FILE_DIR)/Pods-movie-app-movie-appUITests-checkManifestLockResult.txt",
			);
			runOnlyForDeploymentPostprocessing = 0;
			shellPath = /bin/sh;
			shellScript = "diff \"${PODS_PODFILE_DIR_PATH}/Podfile.lock\" \"${PODS_ROOT}/Manifest.lock\" > /dev/null\nif [ $? != 0 ] ; then\n    # print error to STDERR\n    echo \"error: The sandbox is not in sync with the Podfile.lock. Run 'pod install' or update your CocoaPods installation.\" >&2\n    exit 1\nfi\n# This output is used by Xcode 'outputs' to avoid re-running this script phase.\necho \"SUCCESS\" > \"${SCRIPT_OUTPUT_FILE_0}\"\n";
			showEnvVarsInLog = 0;
		};
		592732070FC796677FD15D02 /* [CP] Embed Pods Frameworks */ = {
			isa = PBXShellScriptBuildPhase;
			buildActionMask = 2147483647;
			files = (
			);
			inputFileListPaths = (
				"${PODS_ROOT}/Target Support Files/Pods-movie-app/Pods-movie-app-frameworks-${CONFIGURATION}-input-files.xcfilelist",
			);
			name = "[CP] Embed Pods Frameworks";
			outputFileListPaths = (
				"${PODS_ROOT}/Target Support Files/Pods-movie-app/Pods-movie-app-frameworks-${CONFIGURATION}-output-files.xcfilelist",
			);
			runOnlyForDeploymentPostprocessing = 0;
			shellPath = /bin/sh;
			shellScript = "\"${PODS_ROOT}/Target Support Files/Pods-movie-app/Pods-movie-app-frameworks.sh\"\n";
			showEnvVarsInLog = 0;
		};
		A043C1D85326BCC00DB1D544 /* [CP] Check Pods Manifest.lock */ = {
			isa = PBXShellScriptBuildPhase;
			buildActionMask = 2147483647;
			files = (
			);
			inputFileListPaths = (
			);
			inputPaths = (
				"${PODS_PODFILE_DIR_PATH}/Podfile.lock",
				"${PODS_ROOT}/Manifest.lock",
			);
			name = "[CP] Check Pods Manifest.lock";
			outputFileListPaths = (
			);
			outputPaths = (
				"$(DERIVED_FILE_DIR)/Pods-movie-app-checkManifestLockResult.txt",
			);
			runOnlyForDeploymentPostprocessing = 0;
			shellPath = /bin/sh;
			shellScript = "diff \"${PODS_PODFILE_DIR_PATH}/Podfile.lock\" \"${PODS_ROOT}/Manifest.lock\" > /dev/null\nif [ $? != 0 ] ; then\n    # print error to STDERR\n    echo \"error: The sandbox is not in sync with the Podfile.lock. Run 'pod install' or update your CocoaPods installation.\" >&2\n    exit 1\nfi\n# This output is used by Xcode 'outputs' to avoid re-running this script phase.\necho \"SUCCESS\" > \"${SCRIPT_OUTPUT_FILE_0}\"\n";
			showEnvVarsInLog = 0;
		};
/* End PBXShellScriptBuildPhase section */

/* Begin PBXSourcesBuildPhase section */
		24BADD6424FE5F5100635CDA /* Sources */ = {
			isa = PBXSourcesBuildPhase;
			buildActionMask = 2147483647;
			files = (
				24EAA08F25066CAA00B756C7 /* MovieSectionTableViewCell.swift in Sources */,
				24348BA625091BAD0055F93B /* ApiRouter.swift in Sources */,
				24BADDA824FE936100635CDA /* SearchViewController.swift in Sources */,
				24BADD7024FE5F5100635CDA /* ViewController.swift in Sources */,
				24EAA08B2506653500B756C7 /* Movie.swift in Sources */,
				2468EBE1251779C5004B83FC /* MovieViewModel.swift in Sources */,
				24EA709D252A067800FAA8D7 /* ApiService.swift in Sources */,
				24BADD6C24FE5F5100635CDA /* AppDelegate.swift in Sources */,
				24BADDAA24FE936D00635CDA /* SeriesViewController.swift in Sources */,
				2468EBE925177A45004B83FC /* ApiConfiguration.swift in Sources */,
				24348BA8250A50C70055F93B /* Constants.swift in Sources */,
				24BADDAC24FE938000635CDA /* ProfileViewController.swift in Sources */,
				24BADD6E24FE5F5100635CDA /* SceneDelegate.swift in Sources */,
				24EAA0892506634E00B756C7 /* EndPoints.swift in Sources */,
				24BADDA624FE934D00635CDA /* MoviesViewController.swift in Sources */,
				24EAA0972507AB8C00B756C7 /* ItemMovieCollectionViewCell.swift in Sources */,
			);
			runOnlyForDeploymentPostprocessing = 0;
		};
		24BADD7A24FE5F5E00635CDA /* Sources */ = {
			isa = PBXSourcesBuildPhase;
			buildActionMask = 2147483647;
			files = (
				24BADD8324FE5F5E00635CDA /* movie_appTests.swift in Sources */,
			);
			runOnlyForDeploymentPostprocessing = 0;
		};
		24BADD8524FE5F5E00635CDA /* Sources */ = {
			isa = PBXSourcesBuildPhase;
			buildActionMask = 2147483647;
			files = (
				24BADD8E24FE5F5E00635CDA /* movie_appUITests.swift in Sources */,
			);
			runOnlyForDeploymentPostprocessing = 0;
		};
/* End PBXSourcesBuildPhase section */

/* Begin PBXTargetDependency section */
		24BADD8024FE5F5E00635CDA /* PBXTargetDependency */ = {
			isa = PBXTargetDependency;
			target = 24BADD6724FE5F5100635CDA /* movie-app */;
			targetProxy = 24BADD7F24FE5F5E00635CDA /* PBXContainerItemProxy */;
		};
		24BADD8B24FE5F5E00635CDA /* PBXTargetDependency */ = {
			isa = PBXTargetDependency;
			target = 24BADD6724FE5F5100635CDA /* movie-app */;
			targetProxy = 24BADD8A24FE5F5E00635CDA /* PBXContainerItemProxy */;
		};
/* End PBXTargetDependency section */

/* Begin PBXVariantGroup section */
		24BADD7124FE5F5200635CDA /* Main.storyboard */ = {
			isa = PBXVariantGroup;
			children = (
				24BADD7224FE5F5200635CDA /* Base */,
			);
			name = Main.storyboard;
			sourceTree = "<group>";
		};
		24BADD7624FE5F5E00635CDA /* LaunchScreen.storyboard */ = {
			isa = PBXVariantGroup;
			children = (
				24BADD7724FE5F5E00635CDA /* Base */,
			);
			name = LaunchScreen.storyboard;
			sourceTree = "<group>";
		};
/* End PBXVariantGroup section */

/* Begin XCBuildConfiguration section */
		24BADD9024FE5F5E00635CDA /* Debug */ = {
			isa = XCBuildConfiguration;
			buildSettings = {
				ALWAYS_SEARCH_USER_PATHS = NO;
				CLANG_ANALYZER_NONNULL = YES;
				CLANG_ANALYZER_NUMBER_OBJECT_CONVERSION = YES_AGGRESSIVE;
				CLANG_CXX_LANGUAGE_STANDARD = "gnu++14";
				CLANG_CXX_LIBRARY = "libc++";
				CLANG_ENABLE_MODULES = YES;
				CLANG_ENABLE_OBJC_ARC = YES;
				CLANG_ENABLE_OBJC_WEAK = YES;
				CLANG_WARN_BLOCK_CAPTURE_AUTORELEASING = YES;
				CLANG_WARN_BOOL_CONVERSION = YES;
				CLANG_WARN_COMMA = YES;
				CLANG_WARN_CONSTANT_CONVERSION = YES;
				CLANG_WARN_DEPRECATED_OBJC_IMPLEMENTATIONS = YES;
				CLANG_WARN_DIRECT_OBJC_ISA_USAGE = YES_ERROR;
				CLANG_WARN_DOCUMENTATION_COMMENTS = YES;
				CLANG_WARN_EMPTY_BODY = YES;
				CLANG_WARN_ENUM_CONVERSION = YES;
				CLANG_WARN_INFINITE_RECURSION = YES;
				CLANG_WARN_INT_CONVERSION = YES;
				CLANG_WARN_NON_LITERAL_NULL_CONVERSION = YES;
				CLANG_WARN_OBJC_IMPLICIT_RETAIN_SELF = YES;
				CLANG_WARN_OBJC_LITERAL_CONVERSION = YES;
				CLANG_WARN_OBJC_ROOT_CLASS = YES_ERROR;
				CLANG_WARN_RANGE_LOOP_ANALYSIS = YES;
				CLANG_WARN_STRICT_PROTOTYPES = YES;
				CLANG_WARN_SUSPICIOUS_MOVE = YES;
				CLANG_WARN_UNGUARDED_AVAILABILITY = YES_AGGRESSIVE;
				CLANG_WARN_UNREACHABLE_CODE = YES;
				CLANG_WARN__DUPLICATE_METHOD_MATCH = YES;
				COPY_PHASE_STRIP = NO;
				DEBUG_INFORMATION_FORMAT = dwarf;
				ENABLE_STRICT_OBJC_MSGSEND = YES;
				ENABLE_TESTABILITY = YES;
				GCC_C_LANGUAGE_STANDARD = gnu11;
				GCC_DYNAMIC_NO_PIC = NO;
				GCC_NO_COMMON_BLOCKS = YES;
				GCC_OPTIMIZATION_LEVEL = 0;
				GCC_PREPROCESSOR_DEFINITIONS = (
					"DEBUG=1",
					"$(inherited)",
				);
				GCC_WARN_64_TO_32_BIT_CONVERSION = YES;
				GCC_WARN_ABOUT_RETURN_TYPE = YES_ERROR;
				GCC_WARN_UNDECLARED_SELECTOR = YES;
				GCC_WARN_UNINITIALIZED_AUTOS = YES_AGGRESSIVE;
				GCC_WARN_UNUSED_FUNCTION = YES;
				GCC_WARN_UNUSED_VARIABLE = YES;
				IPHONEOS_DEPLOYMENT_TARGET = 13.6;
				MTL_ENABLE_DEBUG_INFO = INCLUDE_SOURCE;
				MTL_FAST_MATH = YES;
				ONLY_ACTIVE_ARCH = YES;
				SDKROOT = iphoneos;
				SWIFT_ACTIVE_COMPILATION_CONDITIONS = DEBUG;
				SWIFT_OPTIMIZATION_LEVEL = "-Onone";
			};
			name = Debug;
		};
		24BADD9124FE5F5E00635CDA /* Release */ = {
			isa = XCBuildConfiguration;
			buildSettings = {
				ALWAYS_SEARCH_USER_PATHS = NO;
				CLANG_ANALYZER_NONNULL = YES;
				CLANG_ANALYZER_NUMBER_OBJECT_CONVERSION = YES_AGGRESSIVE;
				CLANG_CXX_LANGUAGE_STANDARD = "gnu++14";
				CLANG_CXX_LIBRARY = "libc++";
				CLANG_ENABLE_MODULES = YES;
				CLANG_ENABLE_OBJC_ARC = YES;
				CLANG_ENABLE_OBJC_WEAK = YES;
				CLANG_WARN_BLOCK_CAPTURE_AUTORELEASING = YES;
				CLANG_WARN_BOOL_CONVERSION = YES;
				CLANG_WARN_COMMA = YES;
				CLANG_WARN_CONSTANT_CONVERSION = YES;
				CLANG_WARN_DEPRECATED_OBJC_IMPLEMENTATIONS = YES;
				CLANG_WARN_DIRECT_OBJC_ISA_USAGE = YES_ERROR;
				CLANG_WARN_DOCUMENTATION_COMMENTS = YES;
				CLANG_WARN_EMPTY_BODY = YES;
				CLANG_WARN_ENUM_CONVERSION = YES;
				CLANG_WARN_INFINITE_RECURSION = YES;
				CLANG_WARN_INT_CONVERSION = YES;
				CLANG_WARN_NON_LITERAL_NULL_CONVERSION = YES;
				CLANG_WARN_OBJC_IMPLICIT_RETAIN_SELF = YES;
				CLANG_WARN_OBJC_LITERAL_CONVERSION = YES;
				CLANG_WARN_OBJC_ROOT_CLASS = YES_ERROR;
				CLANG_WARN_RANGE_LOOP_ANALYSIS = YES;
				CLANG_WARN_STRICT_PROTOTYPES = YES;
				CLANG_WARN_SUSPICIOUS_MOVE = YES;
				CLANG_WARN_UNGUARDED_AVAILABILITY = YES_AGGRESSIVE;
				CLANG_WARN_UNREACHABLE_CODE = YES;
				CLANG_WARN__DUPLICATE_METHOD_MATCH = YES;
				COPY_PHASE_STRIP = NO;
				DEBUG_INFORMATION_FORMAT = "dwarf-with-dsym";
				ENABLE_NS_ASSERTIONS = NO;
				ENABLE_STRICT_OBJC_MSGSEND = YES;
				GCC_C_LANGUAGE_STANDARD = gnu11;
				GCC_NO_COMMON_BLOCKS = YES;
				GCC_WARN_64_TO_32_BIT_CONVERSION = YES;
				GCC_WARN_ABOUT_RETURN_TYPE = YES_ERROR;
				GCC_WARN_UNDECLARED_SELECTOR = YES;
				GCC_WARN_UNINITIALIZED_AUTOS = YES_AGGRESSIVE;
				GCC_WARN_UNUSED_FUNCTION = YES;
				GCC_WARN_UNUSED_VARIABLE = YES;
				IPHONEOS_DEPLOYMENT_TARGET = 13.6;
				MTL_ENABLE_DEBUG_INFO = NO;
				MTL_FAST_MATH = YES;
				SDKROOT = iphoneos;
				SWIFT_COMPILATION_MODE = wholemodule;
				SWIFT_OPTIMIZATION_LEVEL = "-O";
				VALIDATE_PRODUCT = YES;
			};
			name = Release;
		};
		24BADD9324FE5F5E00635CDA /* Debug */ = {
			isa = XCBuildConfiguration;
			baseConfigurationReference = ABEFD8BF1B0895CD52F3E54D /* Pods-movie-app.debug.xcconfig */;
			buildSettings = {
				ASSETCATALOG_COMPILER_APPICON_NAME = AppIcon;
				CODE_SIGN_STYLE = Automatic;
				DEVELOPMENT_TEAM = 929LF3XGVG;
				INFOPLIST_FILE = "movie-app/Info.plist";
				LD_RUNPATH_SEARCH_PATHS = (
					"$(inherited)",
					"@executable_path/Frameworks",
				);
				PRODUCT_BUNDLE_IDENTIFIER = "com.idm.movie-app";
				PRODUCT_NAME = Movies;
				SWIFT_VERSION = 5.0;
				TARGETED_DEVICE_FAMILY = "1,2";
			};
			name = Debug;
		};
		24BADD9424FE5F5E00635CDA /* Release */ = {
			isa = XCBuildConfiguration;
			baseConfigurationReference = 69A8E7856790D68AE8EF5A70 /* Pods-movie-app.release.xcconfig */;
			buildSettings = {
				ASSETCATALOG_COMPILER_APPICON_NAME = AppIcon;
				CODE_SIGN_STYLE = Automatic;
				DEVELOPMENT_TEAM = 929LF3XGVG;
				INFOPLIST_FILE = "movie-app/Info.plist";
				LD_RUNPATH_SEARCH_PATHS = (
					"$(inherited)",
					"@executable_path/Frameworks",
				);
				PRODUCT_BUNDLE_IDENTIFIER = "com.idm.movie-app";
				PRODUCT_NAME = Movies;
				SWIFT_VERSION = 5.0;
				TARGETED_DEVICE_FAMILY = "1,2";
			};
			name = Release;
		};
		24BADD9624FE5F5E00635CDA /* Debug */ = {
			isa = XCBuildConfiguration;
			baseConfigurationReference = EA9B56C151D1B60CBEB534DB /* Pods-movie-appTests.debug.xcconfig */;
			buildSettings = {
				ALWAYS_EMBED_SWIFT_STANDARD_LIBRARIES = YES;
				BUNDLE_LOADER = "$(TEST_HOST)";
				CODE_SIGN_STYLE = Automatic;
				DEVELOPMENT_TEAM = 929LF3XGVG;
				INFOPLIST_FILE = "movie-appTests/Info.plist";
				IPHONEOS_DEPLOYMENT_TARGET = 13.6;
				LD_RUNPATH_SEARCH_PATHS = (
					"$(inherited)",
					"@executable_path/Frameworks",
					"@loader_path/Frameworks",
				);
				PRODUCT_BUNDLE_IDENTIFIER = "com.idm.movie-appTests";
				PRODUCT_NAME = "$(TARGET_NAME)";
				SWIFT_VERSION = 5.0;
				TARGETED_DEVICE_FAMILY = "1,2";
				TEST_HOST = "$(BUILT_PRODUCTS_DIR)/movie-app.app/movie-app";
			};
			name = Debug;
		};
		24BADD9724FE5F5E00635CDA /* Release */ = {
			isa = XCBuildConfiguration;
			baseConfigurationReference = A5ABA4C95CB1C78ED0E17871 /* Pods-movie-appTests.release.xcconfig */;
			buildSettings = {
				ALWAYS_EMBED_SWIFT_STANDARD_LIBRARIES = YES;
				BUNDLE_LOADER = "$(TEST_HOST)";
				CODE_SIGN_STYLE = Automatic;
				DEVELOPMENT_TEAM = 929LF3XGVG;
				INFOPLIST_FILE = "movie-appTests/Info.plist";
				IPHONEOS_DEPLOYMENT_TARGET = 13.6;
				LD_RUNPATH_SEARCH_PATHS = (
					"$(inherited)",
					"@executable_path/Frameworks",
					"@loader_path/Frameworks",
				);
				PRODUCT_BUNDLE_IDENTIFIER = "com.idm.movie-appTests";
				PRODUCT_NAME = "$(TARGET_NAME)";
				SWIFT_VERSION = 5.0;
				TARGETED_DEVICE_FAMILY = "1,2";
				TEST_HOST = "$(BUILT_PRODUCTS_DIR)/movie-app.app/movie-app";
			};
			name = Release;
		};
		24BADD9924FE5F5E00635CDA /* Debug */ = {
			isa = XCBuildConfiguration;
			baseConfigurationReference = 206CAEA5411D36FE5E9B1571 /* Pods-movie-app-movie-appUITests.debug.xcconfig */;
			buildSettings = {
				ALWAYS_EMBED_SWIFT_STANDARD_LIBRARIES = YES;
				CODE_SIGN_STYLE = Automatic;
				DEVELOPMENT_TEAM = 929LF3XGVG;
				INFOPLIST_FILE = "movie-appUITests/Info.plist";
				LD_RUNPATH_SEARCH_PATHS = (
					"$(inherited)",
					"@executable_path/Frameworks",
					"@loader_path/Frameworks",
				);
				PRODUCT_BUNDLE_IDENTIFIER = "com.idm.movie-appUITests";
				PRODUCT_NAME = "$(TARGET_NAME)";
				SWIFT_VERSION = 5.0;
				TARGETED_DEVICE_FAMILY = "1,2";
				TEST_TARGET_NAME = "movie-app";
			};
			name = Debug;
		};
		24BADD9A24FE5F5E00635CDA /* Release */ = {
			isa = XCBuildConfiguration;
			baseConfigurationReference = 69A930394D686CBF07C1A012 /* Pods-movie-app-movie-appUITests.release.xcconfig */;
			buildSettings = {
				ALWAYS_EMBED_SWIFT_STANDARD_LIBRARIES = YES;
				CODE_SIGN_STYLE = Automatic;
				DEVELOPMENT_TEAM = 929LF3XGVG;
				INFOPLIST_FILE = "movie-appUITests/Info.plist";
				LD_RUNPATH_SEARCH_PATHS = (
					"$(inherited)",
					"@executable_path/Frameworks",
					"@loader_path/Frameworks",
				);
				PRODUCT_BUNDLE_IDENTIFIER = "com.idm.movie-appUITests";
				PRODUCT_NAME = "$(TARGET_NAME)";
				SWIFT_VERSION = 5.0;
				TARGETED_DEVICE_FAMILY = "1,2";
				TEST_TARGET_NAME = "movie-app";
			};
			name = Release;
		};
/* End XCBuildConfiguration section */

/* Begin XCConfigurationList section */
		24BADD6324FE5F5100635CDA /* Build configuration list for PBXProject "movie-app" */ = {
			isa = XCConfigurationList;
			buildConfigurations = (
				24BADD9024FE5F5E00635CDA /* Debug */,
				24BADD9124FE5F5E00635CDA /* Release */,
			);
			defaultConfigurationIsVisible = 0;
			defaultConfigurationName = Release;
		};
		24BADD9224FE5F5E00635CDA /* Build configuration list for PBXNativeTarget "movie-app" */ = {
			isa = XCConfigurationList;
			buildConfigurations = (
				24BADD9324FE5F5E00635CDA /* Debug */,
				24BADD9424FE5F5E00635CDA /* Release */,
			);
			defaultConfigurationIsVisible = 0;
			defaultConfigurationName = Release;
		};
		24BADD9524FE5F5E00635CDA /* Build configuration list for PBXNativeTarget "movie-appTests" */ = {
			isa = XCConfigurationList;
			buildConfigurations = (
				24BADD9624FE5F5E00635CDA /* Debug */,
				24BADD9724FE5F5E00635CDA /* Release */,
			);
			defaultConfigurationIsVisible = 0;
			defaultConfigurationName = Release;
		};
		24BADD9824FE5F5E00635CDA /* Build configuration list for PBXNativeTarget "movie-appUITests" */ = {
			isa = XCConfigurationList;
			buildConfigurations = (
				24BADD9924FE5F5E00635CDA /* Debug */,
				24BADD9A24FE5F5E00635CDA /* Release */,
			);
			defaultConfigurationIsVisible = 0;
			defaultConfigurationName = Release;
		};
/* End XCConfigurationList section */
	};
	rootObject = 24BADD6024FE5F5100635CDA /* Project object */;
}
